
Microsoft Visual Studio Solution File, Format Version 12.00
# Visual Studio 15
VisualStudioVersion = 15.0.28307.902
MinimumVisualStudioVersion = 10.0.40219.1
Project("{8BC9CEB8-8B4A-11D0-8D11-00A0C91BC942}") = "Raytracing", "Raytracing\Raytracing.vcxproj", "{1263243D-D955-4621-8881-99EF3DD77C6A}"
EndProject
Project("{2150E333-8FDC-42A3-9474-1A3956D46DE8}") = "Solution Items", "Solution Items", "{7DC2D3E8-10F5-4C37-881E-208212281D9D}"
EndProject
Global
	GlobalSection(SolutionConfigurationPlatforms) = preSolution
		Debug|x64 = Debug|x64
		Debug|x86 = Debug|x86
		Release|x64 = Release|x64
		Release|x86 = Release|x86
	EndGlobalSection
	GlobalSection(ProjectConfigurationPlatforms) = postSolution
		{1263243D-D955-4621-8881-99EF3DD77C6A}.Debug|x64.ActiveCfg = Debug|x64
		{1263243D-D955-4621-8881-99EF3DD77C6A}.Debug|x64.Build.0 = Debug|x64
		{1263243D-D955-4621-8881-99EF3DD77C6A}.Debug|x86.ActiveCfg = Debug|Win32
		{1263243D-D955-4621-8881-99EF3DD77C6A}.Debug|x86.Build.0 = Debug|Win32
		{1263243D-D955-4621-8881-99EF3DD77C6A}.Release|x64.ActiveCfg = Release|x64
		{1263243D-D955-4621-8881-99EF3DD77C6A}.Release|x64.Build.0 = Release|x64
		{1263243D-D955-4621-8881-99EF3DD77C6A}.Release|x86.ActiveCfg = Release|Win32
		{1263243D-D955-4621-8881-99EF3DD77C6A}.Release|x86.Build.0 = Release|Win32
	EndGlobalSection
	GlobalSection(SolutionProperties) = preSolution
		HideSolutionNode = FALSE
	EndGlobalSection
	GlobalSection(ExtensibilityGlobals) = postSolution
		SolutionGuid = {C7E0B617-C856-41B1-80F5-63A12E3EEC67}
	EndGlobalSection
EndGlobal
